
Microsoft Visual Studio Solution File, Format Version 12.00
# Visual Studio Version 16
VisualStudioVersion = 16.0.31402.337
MinimumVisualStudioVersion = 10.0.40219.1
Project("{9A19103F-16F7-4668-BE54-9A1E7A4F7556}") = "SalaryBreakdownApp", "SalaryBreakdownApp.csproj", "{A55483EC-5E86-4674-82FD-B1792146ADC7}"
EndProject
Project("{9A19103F-16F7-4668-BE54-9A1E7A4F7556}") = "SalaryBreakdown", "..\SalaryBreakdown\SalaryBreakdown.csproj", "{3BF73E03-92D9-4220-8C3B-8B6773D099DB}"
EndProject
Project("{9A19103F-16F7-4668-BE54-9A1E7A4F7556}") = "SalaryBreakdownTest", "..\SalaryBreakdownTest\SalaryBreakdownTest.csproj", "{C0B084F2-4628-4E95-9BC7-EB0BE526255A}"
EndProject
Global
	GlobalSection(SolutionConfigurationPlatforms) = preSolution
		Debug|Any CPU = Debug|Any CPU
		Release|Any CPU = Release|Any CPU
	EndGlobalSection
	GlobalSection(ProjectConfigurationPlatforms) = postSolution
		{A55483EC-5E86-4674-82FD-B1792146ADC7}.Debug|Any CPU.ActiveCfg = Debug|Any CPU
		{A55483EC-5E86-4674-82FD-B1792146ADC7}.Debug|Any CPU.Build.0 = Debug|Any CPU
		{A55483EC-5E86-4674-82FD-B1792146ADC7}.Release|Any CPU.ActiveCfg = Release|Any CPU
		{A55483EC-5E86-4674-82FD-B1792146ADC7}.Release|Any CPU.Build.0 = Release|Any CPU
		{3BF73E03-92D9-4220-8C3B-8B6773D099DB}.Debug|Any CPU.ActiveCfg = Debug|Any CPU
		{3BF73E03-92D9-4220-8C3B-8B6773D099DB}.Debug|Any CPU.Build.0 = Debug|Any CPU
		{3BF73E03-92D9-4220-8C3B-8B6773D099DB}.Release|Any CPU.ActiveCfg = Release|Any CPU
		{3BF73E03-92D9-4220-8C3B-8B6773D099DB}.Release|Any CPU.Build.0 = Release|Any CPU
		{C0B084F2-4628-4E95-9BC7-EB0BE526255A}.Debug|Any CPU.ActiveCfg = Debug|Any CPU
		{C0B084F2-4628-4E95-9BC7-EB0BE526255A}.Debug|Any CPU.Build.0 = Debug|Any CPU
		{C0B084F2-4628-4E95-9BC7-EB0BE526255A}.Release|Any CPU.ActiveCfg = Release|Any CPU
		{C0B084F2-4628-4E95-9BC7-EB0BE526255A}.Release|Any CPU.Build.0 = Release|Any CPU
	EndGlobalSection
	GlobalSection(SolutionProperties) = preSolution
		HideSolutionNode = FALSE
	EndGlobalSection
	GlobalSection(ExtensibilityGlobals) = postSolution
		SolutionGuid = {6569592E-68B4-4BF1-A33C-53B22D090172}
	EndGlobalSection
EndGlobal
